
Microsoft Visual Studio Solution File, Format Version 12.00
# Visual Studio Version 16
VisualStudioVersion = 16.0.31220.234
MinimumVisualStudioVersion = 10.0.40219.1
Project("{9A19103F-16F7-4668-BE54-9A1E7A4F7556}") = "SampleProject", "SampleProject\SampleProject.csproj", "{43480F51-413A-433B-BC8D-50A6FCC99268}"
EndProject
Project("{9A19103F-16F7-4668-BE54-9A1E7A4F7556}") = "SampleProject.WinUI", "SampleProject.WinUI\SampleProject.WinUI.csproj", "{F3EF324C-FCC3-4200-BE24-91023D47328C}"
EndProject
Global
	GlobalSection(SolutionConfigurationPlatforms) = preSolution
		Debug|Any CPU = Debug|Any CPU
		Release|Any CPU = Release|Any CPU
	EndGlobalSection
	GlobalSection(ProjectConfigurationPlatforms) = postSolution
		{43480F51-413A-433B-BC8D-50A6FCC99268}.Debug|Any CPU.ActiveCfg = Debug|Any CPU
		{43480F51-413A-433B-BC8D-50A6FCC99268}.Debug|Any CPU.Build.0 = Debug|Any CPU
		{43480F51-413A-433B-BC8D-50A6FCC99268}.Debug|Any CPU.Deploy.0 = Debug|Any CPU
		{43480F51-413A-433B-BC8D-50A6FCC99268}.Release|Any CPU.ActiveCfg = Release|Any CPU
		{43480F51-413A-433B-BC8D-50A6FCC99268}.Release|Any CPU.Build.0 = Release|Any CPU
		{43480F51-413A-433B-BC8D-50A6FCC99268}.Release|Any CPU.Deploy.0 = Release|Any CPU
		{F3EF324C-FCC3-4200-BE24-91023D47328C}.Debug|Any CPU.ActiveCfg = Debug|Any CPU
		{F3EF324C-FCC3-4200-BE24-91023D47328C}.Debug|Any CPU.Build.0 = Debug|Any CPU
		{F3EF324C-FCC3-4200-BE24-91023D47328C}.Debug|Any CPU.Deploy.0 = Debug|Any CPU
		{F3EF324C-FCC3-4200-BE24-91023D47328C}.Release|Any CPU.ActiveCfg = Release|Any CPU
		{F3EF324C-FCC3-4200-BE24-91023D47328C}.Release|Any CPU.Build.0 = Release|Any CPU
		{F3EF324C-FCC3-4200-BE24-91023D47328C}.Release|Any CPU.Deploy.0 = Release|Any CPU
	EndGlobalSection
	GlobalSection(SolutionProperties) = preSolution
		HideSolutionNode = FALSE
	EndGlobalSection
	GlobalSection(ExtensibilityGlobals) = postSolution
		SolutionGuid = {61F7FB11-1E47-470C-91E2-47F8143E1572}
	EndGlobalSection
EndGlobal
